
Microsoft Visual Studio Solution File, Format Version 12.00
# Visual Studio Version 17
VisualStudioVersion = 17.5.33207.294
MinimumVisualStudioVersion = 10.0.40219.1
Project("{FAE04EC0-301F-11D3-BF4B-00C04F79EFBC}") = "WebApplication3", "WebApplication3\WebApplication3.csproj", "{C3201B9B-2F14-4D9F-A753-29ED0E1440D4}"
EndProject
Global
	GlobalSection(SolutionConfigurationPlatforms) = preSolution
		Debug|Any CPU = Debug|Any CPU
		Release|Any CPU = Release|Any CPU
	EndGlobalSection
	GlobalSection(ProjectConfigurationPlatforms) = postSolution
		{C3201B9B-2F14-4D9F-A753-29ED0E1440D4}.Debug|Any CPU.ActiveCfg = Debug|Any CPU
		{C3201B9B-2F14-4D9F-A753-29ED0E1440D4}.Debug|Any CPU.Build.0 = Debug|Any CPU
		{C3201B9B-2F14-4D9F-A753-29ED0E1440D4}.Release|Any CPU.ActiveCfg = Release|Any CPU
		{C3201B9B-2F14-4D9F-A753-29ED0E1440D4}.Release|Any CPU.Build.0 = Release|Any CPU
	EndGlobalSection
	GlobalSection(SolutionProperties) = preSolution
		HideSolutionNode = FALSE
	EndGlobalSection
	GlobalSection(ExtensibilityGlobals) = postSolution
		SolutionGuid = {6D6EBF4E-48E3-4908-AFF7-89EFC7E475AA}
	EndGlobalSection
EndGlobal
